
Microsoft Visual Studio Solution File, Format Version 12.00
# Visual Studio Version 17
VisualStudioVersion = 17.0.31903.59
MinimumVisualStudioVersion = 10.0.40219.1
Project("{2150E333-8FDC-42A3-9474-1A3956D46DE8}") = "src", "src", "{827E0CD3-B72D-47B6-A68D-7590B98EB39B}"
EndProject
Project("{2150E333-8FDC-42A3-9474-1A3956D46DE8}") = "Vehicles", "Vehicles", "{8942D18D-11C3-C84D-F56D-6BEDA906CD8A}"
EndProject
Project("{FAE04EC0-301F-11D3-BF4B-00C04F79EFBC}") = "ThreadPilot.Vehicles.Api", "src\Vehicles\ThreadPilot.Vehicles.Api\ThreadPilot.Vehicles.Api.csproj", "{2CFD4BE4-1CFC-4ED3-9E9E-BAE80956D93E}"
EndProject
Project("{FAE04EC0-301F-11D3-BF4B-00C04F79EFBC}") = "ThreadPilot.Vehicles.Application", "src\Vehicles\ThreadPilot.Vehicles.Application\ThreadPilot.Vehicles.Application.csproj", "{A0EE62FF-29FE-4DF4-A8EC-E44B34CAA3B1}"
EndProject
Project("{FAE04EC0-301F-11D3-BF4B-00C04F79EFBC}") = "ThreadPilot.Vehicles.Domain", "src\Vehicles\ThreadPilot.Vehicles.Domain\ThreadPilot.Vehicles.Domain.csproj", "{50E09B93-943F-4E65-9057-701F1581B125}"
EndProject
Project("{FAE04EC0-301F-11D3-BF4B-00C04F79EFBC}") = "ThreadPilot.Vehicles.Infrastructure", "src\Vehicles\ThreadPilot.Vehicles.Infrastructure\ThreadPilot.Vehicles.Infrastructure.csproj", "{85265497-B733-410E-8E42-4737CF8F5CC9}"
EndProject
Project("{FAE04EC0-301F-11D3-BF4B-00C04F79EFBC}") = "ThreadPilot.Insurances.Api", "src\Insurances\ThreadPilot.Insurances.Api\ThreadPilot.Insurances.Api.csproj", "{B697F412-315B-489C-947C-FD5FC499AEB1}"
EndProject
Project("{FAE04EC0-301F-11D3-BF4B-00C04F79EFBC}") = "ThreadPilot.Insurances.Application", "src\Insurances\ThreadPilot.Insurances.Application\ThreadPilot.Insurances.Application.csproj", "{1C78D46D-634D-4293-B288-51FE56F5198C}"
EndProject
Project("{FAE04EC0-301F-11D3-BF4B-00C04F79EFBC}") = "ThreadPilot.Insurances.Domain", "src\Insurances\ThreadPilot.Insurances.Domain\ThreadPilot.Insurances.Domain.csproj", "{F7BFF9D7-F255-4067-8FD6-E3C2D9FEF308}"
EndProject
Project("{FAE04EC0-301F-11D3-BF4B-00C04F79EFBC}") = "ThreadPilot.Insurances.Infrastructure", "src\Insurances\ThreadPilot.Insurances.Infrastructure\ThreadPilot.Insurances.Infrastructure.csproj", "{C284AB31-41A9-4A54-9174-6E4F0F21C409}"
EndProject
Project("{2150E333-8FDC-42A3-9474-1A3956D46DE8}") = "tests", "tests", "{0AB3BF05-4346-4AA6-1389-037BE0695223}"
EndProject
Project("{2150E333-8FDC-42A3-9474-1A3956D46DE8}") = "Vehicles", "Vehicles", "{E9480B1F-F0F1-8192-AD50-892C84297F61}"
EndProject
Project("{FAE04EC0-301F-11D3-BF4B-00C04F79EFBC}") = "ThreadPilot.Vehicles.UnitTests", "tests\Vehicles\ThreadPilot.Vehicles.UnitTests\ThreadPilot.Vehicles.UnitTests.csproj", "{EBE8B0BC-11A3-4AED-8084-5A6C5DEC4348}"
EndProject
Project("{FAE04EC0-301F-11D3-BF4B-00C04F79EFBC}") = "ThreadPilot.Vehicles.IntegrationTests", "tests\Vehicles\ThreadPilot.Vehicles.IntegrationTests\ThreadPilot.Vehicles.IntegrationTests.csproj", "{9C1551E9-125A-4D0C-831E-F15B764F52E9}"
EndProject
Project("{FAE04EC0-301F-11D3-BF4B-00C04F79EFBC}") = "ThreadPilot.Insurances.UnitTests", "tests\Insurances\ThreadPilot.Insurances.UnitTests\ThreadPilot.Insurances.UnitTests.csproj", "{0A05DD8D-9A87-4D47-922E-271097FA7F1D}"
EndProject
Project("{FAE04EC0-301F-11D3-BF4B-00C04F79EFBC}") = "ThreadPilot.Insurances.IntegrationTests", "tests\Insurances\ThreadPilot.Insurances.IntegrationTests\ThreadPilot.Insurances.IntegrationTests.csproj", "{D23C0015-8FF5-4164-A31C-C48D2061275D}"
EndProject
Global
	GlobalSection(SolutionConfigurationPlatforms) = preSolution
		Debug|Any CPU = Debug|Any CPU
		Debug|x64 = Debug|x64
		Debug|x86 = Debug|x86
		Release|Any CPU = Release|Any CPU
		Release|x64 = Release|x64
		Release|x86 = Release|x86
	EndGlobalSection
	GlobalSection(ProjectConfigurationPlatforms) = postSolution
		{2CFD4BE4-1CFC-4ED3-9E9E-BAE80956D93E}.Debug|Any CPU.ActiveCfg = Debug|Any CPU
		{2CFD4BE4-1CFC-4ED3-9E9E-BAE80956D93E}.Debug|Any CPU.Build.0 = Debug|Any CPU
		{2CFD4BE4-1CFC-4ED3-9E9E-BAE80956D93E}.Debug|x64.ActiveCfg = Debug|Any CPU
		{2CFD4BE4-1CFC-4ED3-9E9E-BAE80956D93E}.Debug|x64.Build.0 = Debug|Any CPU
		{2CFD4BE4-1CFC-4ED3-9E9E-BAE80956D93E}.Debug|x86.ActiveCfg = Debug|Any CPU
		{2CFD4BE4-1CFC-4ED3-9E9E-BAE80956D93E}.Debug|x86.Build.0 = Debug|Any CPU
		{2CFD4BE4-1CFC-4ED3-9E9E-BAE80956D93E}.Release|Any CPU.ActiveCfg = Release|Any CPU
		{2CFD4BE4-1CFC-4ED3-9E9E-BAE80956D93E}.Release|Any CPU.Build.0 = Release|Any CPU
		{2CFD4BE4-1CFC-4ED3-9E9E-BAE80956D93E}.Release|x64.ActiveCfg = Release|Any CPU
		{2CFD4BE4-1CFC-4ED3-9E9E-BAE80956D93E}.Release|x64.Build.0 = Release|Any CPU
		{2CFD4BE4-1CFC-4ED3-9E9E-BAE80956D93E}.Release|x86.ActiveCfg = Release|Any CPU
		{2CFD4BE4-1CFC-4ED3-9E9E-BAE80956D93E}.Release|x86.Build.0 = Release|Any CPU
		{A0EE62FF-29FE-4DF4-A8EC-E44B34CAA3B1}.Debug|Any CPU.ActiveCfg = Debug|Any CPU
		{A0EE62FF-29FE-4DF4-A8EC-E44B34CAA3B1}.Debug|Any CPU.Build.0 = Debug|Any CPU
		{A0EE62FF-29FE-4DF4-A8EC-E44B34CAA3B1}.Debug|x64.ActiveCfg = Debug|Any CPU
		{A0EE62FF-29FE-4DF4-A8EC-E44B34CAA3B1}.Debug|x64.Build.0 = Debug|Any CPU
		{A0EE62FF-29FE-4DF4-A8EC-E44B34CAA3B1}.Debug|x86.ActiveCfg = Debug|Any CPU
		{A0EE62FF-29FE-4DF4-A8EC-E44B34CAA3B1}.Debug|x86.Build.0 = Debug|Any CPU
		{A0EE62FF-29FE-4DF4-A8EC-E44B34CAA3B1}.Release|Any CPU.ActiveCfg = Release|Any CPU
		{A0EE62FF-29FE-4DF4-A8EC-E44B34CAA3B1}.Release|Any CPU.Build.0 = Release|Any CPU
		{A0EE62FF-29FE-4DF4-A8EC-E44B34CAA3B1}.Release|x64.ActiveCfg = Release|Any CPU
		{A0EE62FF-29FE-4DF4-A8EC-E44B34CAA3B1}.Release|x64.Build.0 = Release|Any CPU
		{A0EE62FF-29FE-4DF4-A8EC-E44B34CAA3B1}.Release|x86.ActiveCfg = Release|Any CPU
		{A0EE62FF-29FE-4DF4-A8EC-E44B34CAA3B1}.Release|x86.Build.0 = Release|Any CPU
		{50E09B93-943F-4E65-9057-701F1581B125}.Debug|Any CPU.ActiveCfg = Debug|Any CPU
		{50E09B93-943F-4E65-9057-701F1581B125}.Debug|Any CPU.Build.0 = Debug|Any CPU
		{50E09B93-943F-4E65-9057-701F1581B125}.Debug|x64.ActiveCfg = Debug|Any CPU
		{50E09B93-943F-4E65-9057-701F1581B125}.Debug|x64.Build.0 = Debug|Any CPU
		{50E09B93-943F-4E65-9057-701F1581B125}.Debug|x86.ActiveCfg = Debug|Any CPU
		{50E09B93-943F-4E65-9057-701F1581B125}.Debug|x86.Build.0 = Debug|Any CPU
		{50E09B93-943F-4E65-9057-701F1581B125}.Release|Any CPU.ActiveCfg = Release|Any CPU
		{50E09B93-943F-4E65-9057-701F1581B125}.Release|Any CPU.Build.0 = Release|Any CPU
		{50E09B93-943F-4E65-9057-701F1581B125}.Release|x64.ActiveCfg = Release|Any CPU
		{50E09B93-943F-4E65-9057-701F1581B125}.Release|x64.Build.0 = Release|Any CPU
		{50E09B93-943F-4E65-9057-701F1581B125}.Release|x86.ActiveCfg = Release|Any CPU
		{50E09B93-943F-4E65-9057-701F1581B125}.Release|x86.Build.0 = Release|Any CPU
		{85265497-B733-410E-8E42-4737CF8F5CC9}.Debug|Any CPU.ActiveCfg = Debug|Any CPU
		{85265497-B733-410E-8E42-4737CF8F5CC9}.Debug|Any CPU.Build.0 = Debug|Any CPU
		{85265497-B733-410E-8E42-4737CF8F5CC9}.Debug|x64.ActiveCfg = Debug|Any CPU
		{85265497-B733-410E-8E42-4737CF8F5CC9}.Debug|x64.Build.0 = Debug|Any CPU
		{85265497-B733-410E-8E42-4737CF8F5CC9}.Debug|x86.ActiveCfg = Debug|Any CPU
		{85265497-B733-410E-8E42-4737CF8F5CC9}.Debug|x86.Build.0 = Debug|Any CPU
		{85265497-B733-410E-8E42-4737CF8F5CC9}.Release|Any CPU.ActiveCfg = Release|Any CPU
		{85265497-B733-410E-8E42-4737CF8F5CC9}.Release|Any CPU.Build.0 = Release|Any CPU
		{85265497-B733-410E-8E42-4737CF8F5CC9}.Release|x64.ActiveCfg = Release|Any CPU
		{85265497-B733-410E-8E42-4737CF8F5CC9}.Release|x64.Build.0 = Release|Any CPU
		{85265497-B733-410E-8E42-4737CF8F5CC9}.Release|x86.ActiveCfg = Release|Any CPU
		{85265497-B733-410E-8E42-4737CF8F5CC9}.Release|x86.Build.0 = Release|Any CPU
		{B697F412-315B-489C-947C-FD5FC499AEB1}.Debug|Any CPU.ActiveCfg = Debug|Any CPU
		{B697F412-315B-489C-947C-FD5FC499AEB1}.Debug|Any CPU.Build.0 = Debug|Any CPU
		{B697F412-315B-489C-947C-FD5FC499AEB1}.Debug|x64.ActiveCfg = Debug|Any CPU
		{B697F412-315B-489C-947C-FD5FC499AEB1}.Debug|x64.Build.0 = Debug|Any CPU
		{B697F412-315B-489C-947C-FD5FC499AEB1}.Debug|x86.ActiveCfg = Debug|Any CPU
		{B697F412-315B-489C-947C-FD5FC499AEB1}.Debug|x86.Build.0 = Debug|Any CPU
		{B697F412-315B-489C-947C-FD5FC499AEB1}.Release|Any CPU.ActiveCfg = Release|Any CPU
		{B697F412-315B-489C-947C-FD5FC499AEB1}.Release|Any CPU.Build.0 = Release|Any CPU
		{B697F412-315B-489C-947C-FD5FC499AEB1}.Release|x64.ActiveCfg = Release|Any CPU
		{B697F412-315B-489C-947C-FD5FC499AEB1}.Release|x64.Build.0 = Release|Any CPU
		{B697F412-315B-489C-947C-FD5FC499AEB1}.Release|x86.ActiveCfg = Release|Any CPU
		{B697F412-315B-489C-947C-FD5FC499AEB1}.Release|x86.Build.0 = Release|Any CPU
		{1C78D46D-634D-4293-B288-51FE56F5198C}.Debug|Any CPU.ActiveCfg = Debug|Any CPU
		{1C78D46D-634D-4293-B288-51FE56F5198C}.Debug|Any CPU.Build.0 = Debug|Any CPU
		{1C78D46D-634D-4293-B288-51FE56F5198C}.Debug|x64.ActiveCfg = Debug|Any CPU
		{1C78D46D-634D-4293-B288-51FE56F5198C}.Debug|x64.Build.0 = Debug|Any CPU
		{1C78D46D-634D-4293-B288-51FE56F5198C}.Debug|x86.ActiveCfg = Debug|Any CPU
		{1C78D46D-634D-4293-B288-51FE56F5198C}.Debug|x86.Build.0 = Debug|Any CPU
		{1C78D46D-634D-4293-B288-51FE56F5198C}.Release|Any CPU.ActiveCfg = Release|Any CPU
		{1C78D46D-634D-4293-B288-51FE56F5198C}.Release|Any CPU.Build.0 = Release|Any CPU
		{1C78D46D-634D-4293-B288-51FE56F5198C}.Release|x64.ActiveCfg = Release|Any CPU
		{1C78D46D-634D-4293-B288-51FE56F5198C}.Release|x64.Build.0 = Release|Any CPU
		{1C78D46D-634D-4293-B288-51FE56F5198C}.Release|x86.ActiveCfg = Release|Any CPU
		{1C78D46D-634D-4293-B288-51FE56F5198C}.Release|x86.Build.0 = Release|Any CPU
		{F7BFF9D7-F255-4067-8FD6-E3C2D9FEF308}.Debug|Any CPU.ActiveCfg = Debug|Any CPU
		{F7BFF9D7-F255-4067-8FD6-E3C2D9FEF308}.Debug|Any CPU.Build.0 = Debug|Any CPU
		{F7BFF9D7-F255-4067-8FD6-E3C2D9FEF308}.Debug|x64.ActiveCfg = Debug|Any CPU
		{F7BFF9D7-F255-4067-8FD6-E3C2D9FEF308}.Debug|x64.Build.0 = Debug|Any CPU
		{F7BFF9D7-F255-4067-8FD6-E3C2D9FEF308}.Debug|x86.ActiveCfg = Debug|Any CPU
		{F7BFF9D7-F255-4067-8FD6-E3C2D9FEF308}.Debug|x86.Build.0 = Debug|Any CPU
		{F7BFF9D7-F255-4067-8FD6-E3C2D9FEF308}.Release|Any CPU.ActiveCfg = Release|Any CPU
		{F7BFF9D7-F255-4067-8FD6-E3C2D9FEF308}.Release|Any CPU.Build.0 = Release|Any CPU
		{F7BFF9D7-F255-4067-8FD6-E3C2D9FEF308}.Release|x64.ActiveCfg = Release|Any CPU
		{F7BFF9D7-F255-4067-8FD6-E3C2D9FEF308}.Release|x64.Build.0 = Release|Any CPU
		{F7BFF9D7-F255-4067-8FD6-E3C2D9FEF308}.Release|x86.ActiveCfg = Release|Any CPU
		{F7BFF9D7-F255-4067-8FD6-E3C2D9FEF308}.Release|x86.Build.0 = Release|Any CPU
		{C284AB31-41A9-4A54-9174-6E4F0F21C409}.Debug|Any CPU.ActiveCfg = Debug|Any CPU
		{C284AB31-41A9-4A54-9174-6E4F0F21C409}.Debug|Any CPU.Build.0 = Debug|Any CPU
		{C284AB31-41A9-4A54-9174-6E4F0F21C409}.Debug|x64.ActiveCfg = Debug|Any CPU
		{C284AB31-41A9-4A54-9174-6E4F0F21C409}.Debug|x64.Build.0 = Debug|Any CPU
		{C284AB31-41A9-4A54-9174-6E4F0F21C409}.Debug|x86.ActiveCfg = Debug|Any CPU
		{C284AB31-41A9-4A54-9174-6E4F0F21C409}.Debug|x86.Build.0 = Debug|Any CPU
		{C284AB31-41A9-4A54-9174-6E4F0F21C409}.Release|Any CPU.ActiveCfg = Release|Any CPU
		{C284AB31-41A9-4A54-9174-6E4F0F21C409}.Release|Any CPU.Build.0 = Release|Any CPU
		{C284AB31-41A9-4A54-9174-6E4F0F21C409}.Release|x64.ActiveCfg = Release|Any CPU
		{C284AB31-41A9-4A54-9174-6E4F0F21C409}.Release|x64.Build.0 = Release|Any CPU
		{C284AB31-41A9-4A54-9174-6E4F0F21C409}.Release|x86.ActiveCfg = Release|Any CPU
		{C284AB31-41A9-4A54-9174-6E4F0F21C409}.Release|x86.Build.0 = Release|Any CPU
		{EBE8B0BC-11A3-4AED-8084-5A6C5DEC4348}.Debug|Any CPU.ActiveCfg = Debug|Any CPU
		{EBE8B0BC-11A3-4AED-8084-5A6C5DEC4348}.Debug|Any CPU.Build.0 = Debug|Any CPU
		{EBE8B0BC-11A3-4AED-8084-5A6C5DEC4348}.Debug|x64.ActiveCfg = Debug|Any CPU
		{EBE8B0BC-11A3-4AED-8084-5A6C5DEC4348}.Debug|x64.Build.0 = Debug|Any CPU
		{EBE8B0BC-11A3-4AED-8084-5A6C5DEC4348}.Debug|x86.ActiveCfg = Debug|Any CPU
		{EBE8B0BC-11A3-4AED-8084-5A6C5DEC4348}.Debug|x86.Build.0 = Debug|Any CPU
		{EBE8B0BC-11A3-4AED-8084-5A6C5DEC4348}.Release|Any CPU.ActiveCfg = Release|Any CPU
		{EBE8B0BC-11A3-4AED-8084-5A6C5DEC4348}.Release|Any CPU.Build.0 = Release|Any CPU
		{EBE8B0BC-11A3-4AED-8084-5A6C5DEC4348}.Release|x64.ActiveCfg = Release|Any CPU
		{EBE8B0BC-11A3-4AED-8084-5A6C5DEC4348}.Release|x64.Build.0 = Release|Any CPU
		{EBE8B0BC-11A3-4AED-8084-5A6C5DEC4348}.Release|x86.ActiveCfg = Release|Any CPU
		{EBE8B0BC-11A3-4AED-8084-5A6C5DEC4348}.Release|x86.Build.0 = Release|Any CPU
		{9C1551E9-125A-4D0C-831E-F15B764F52E9}.Debug|Any CPU.ActiveCfg = Debug|Any CPU
		{9C1551E9-125A-4D0C-831E-F15B764F52E9}.Debug|Any CPU.Build.0 = Debug|Any CPU
		{9C1551E9-125A-4D0C-831E-F15B764F52E9}.Debug|x64.ActiveCfg = Debug|Any CPU
		{9C1551E9-125A-4D0C-831E-F15B764F52E9}.Debug|x64.Build.0 = Debug|Any CPU
		{9C1551E9-125A-4D0C-831E-F15B764F52E9}.Debug|x86.ActiveCfg = Debug|Any CPU
		{9C1551E9-125A-4D0C-831E-F15B764F52E9}.Debug|x86.Build.0 = Debug|Any CPU
		{9C1551E9-125A-4D0C-831E-F15B764F52E9}.Release|Any CPU.ActiveCfg = Release|Any CPU
		{9C1551E9-125A-4D0C-831E-F15B764F52E9}.Release|Any CPU.Build.0 = Release|Any CPU
		{9C1551E9-125A-4D0C-831E-F15B764F52E9}.Release|x64.ActiveCfg = Release|Any CPU
		{9C1551E9-125A-4D0C-831E-F15B764F52E9}.Release|x64.Build.0 = Release|Any CPU
		{9C1551E9-125A-4D0C-831E-F15B764F52E9}.Release|x86.ActiveCfg = Release|Any CPU
		{9C1551E9-125A-4D0C-831E-F15B764F52E9}.Release|x86.Build.0 = Release|Any CPU
		{0A05DD8D-9A87-4D47-922E-271097FA7F1D}.Debug|Any CPU.ActiveCfg = Debug|Any CPU
		{0A05DD8D-9A87-4D47-922E-271097FA7F1D}.Debug|Any CPU.Build.0 = Debug|Any CPU
		{0A05DD8D-9A87-4D47-922E-271097FA7F1D}.Debug|x64.ActiveCfg = Debug|Any CPU
		{0A05DD8D-9A87-4D47-922E-271097FA7F1D}.Debug|x64.Build.0 = Debug|Any CPU
		{0A05DD8D-9A87-4D47-922E-271097FA7F1D}.Debug|x86.ActiveCfg = Debug|Any CPU
		{0A05DD8D-9A87-4D47-922E-271097FA7F1D}.Debug|x86.Build.0 = Debug|Any CPU
		{0A05DD8D-9A87-4D47-922E-271097FA7F1D}.Release|Any CPU.ActiveCfg = Release|Any CPU
		{0A05DD8D-9A87-4D47-922E-271097FA7F1D}.Release|Any CPU.Build.0 = Release|Any CPU
		{0A05DD8D-9A87-4D47-922E-271097FA7F1D}.Release|x64.ActiveCfg = Release|Any CPU
		{0A05DD8D-9A87-4D47-922E-271097FA7F1D}.Release|x64.Build.0 = Release|Any CPU
		{0A05DD8D-9A87-4D47-922E-271097FA7F1D}.Release|x86.ActiveCfg = Release|Any CPU
		{0A05DD8D-9A87-4D47-922E-271097FA7F1D}.Release|x86.Build.0 = Release|Any CPU
		{D23C0015-8FF5-4164-A31C-C48D2061275D}.Debug|Any CPU.ActiveCfg = Debug|Any CPU
		{D23C0015-8FF5-4164-A31C-C48D2061275D}.Debug|Any CPU.Build.0 = Debug|Any CPU
		{D23C0015-8FF5-4164-A31C-C48D2061275D}.Debug|x64.ActiveCfg = Debug|Any CPU
		{D23C0015-8FF5-4164-A31C-C48D2061275D}.Debug|x64.Build.0 = Debug|Any CPU
		{D23C0015-8FF5-4164-A31C-C48D2061275D}.Debug|x86.ActiveCfg = Debug|Any CPU
		{D23C0015-8FF5-4164-A31C-C48D2061275D}.Debug|x86.Build.0 = Debug|Any CPU
		{D23C0015-8FF5-4164-A31C-C48D2061275D}.Release|Any CPU.ActiveCfg = Release|Any CPU
		{D23C0015-8FF5-4164-A31C-C48D2061275D}.Release|Any CPU.Build.0 = Release|Any CPU
		{D23C0015-8FF5-4164-A31C-C48D2061275D}.Release|x64.ActiveCfg = Release|Any CPU
		{D23C0015-8FF5-4164-A31C-C48D2061275D}.Release|x64.Build.0 = Release|Any CPU
		{D23C0015-8FF5-4164-A31C-C48D2061275D}.Release|x86.ActiveCfg = Release|Any CPU
		{D23C0015-8FF5-4164-A31C-C48D2061275D}.Release|x86.Build.0 = Release|Any CPU
	EndGlobalSection
	GlobalSection(SolutionProperties) = preSolution
		HideSolutionNode = FALSE
	EndGlobalSection
	GlobalSection(NestedProjects) = preSolution
		{8942D18D-11C3-C84D-F56D-6BEDA906CD8A} = {827E0CD3-B72D-47B6-A68D-7590B98EB39B}
		{2CFD4BE4-1CFC-4ED3-9E9E-BAE80956D93E} = {8942D18D-11C3-C84D-F56D-6BEDA906CD8A}
		{A0EE62FF-29FE-4DF4-A8EC-E44B34CAA3B1} = {8942D18D-11C3-C84D-F56D-6BEDA906CD8A}
		{50E09B93-943F-4E65-9057-701F1581B125} = {8942D18D-11C3-C84D-F56D-6BEDA906CD8A}
		{85265497-B733-410E-8E42-4737CF8F5CC9} = {8942D18D-11C3-C84D-F56D-6BEDA906CD8A}
		{B697F412-315B-489C-947C-FD5FC499AEB1} = {8942D18D-11C3-C84D-F56D-6BEDA906CD8A}
		{1C78D46D-634D-4293-B288-51FE56F5198C} = {8942D18D-11C3-C84D-F56D-6BEDA906CD8A}
		{F7BFF9D7-F255-4067-8FD6-E3C2D9FEF308} = {8942D18D-11C3-C84D-F56D-6BEDA906CD8A}
		{C284AB31-41A9-4A54-9174-6E4F0F21C409} = {8942D18D-11C3-C84D-F56D-6BEDA906CD8A}
		{E9480B1F-F0F1-8192-AD50-892C84297F61} = {0AB3BF05-4346-4AA6-1389-037BE0695223}
		{EBE8B0BC-11A3-4AED-8084-5A6C5DEC4348} = {E9480B1F-F0F1-8192-AD50-892C84297F61}
		{9C1551E9-125A-4D0C-831E-F15B764F52E9} = {E9480B1F-F0F1-8192-AD50-892C84297F61}
		{0A05DD8D-9A87-4D47-922E-271097FA7F1D} = {E9480B1F-F0F1-8192-AD50-892C84297F61}
		{D23C0015-8FF5-4164-A31C-C48D2061275D} = {E9480B1F-F0F1-8192-AD50-892C84297F61}
	EndGlobalSection
EndGlobal
